// !$*UTF8*$!
{
	archiveVersion = 1;
	classes = {
	};
	objectVersion = 46;
	objects = {

/* Begin PBXBuildFile section */
		34300CE31DE2F0310097AABB /* ArticleViewController.swift in Sources */ = {isa = PBXBuildFile; fileRef = 34300CE21DE2F0310097AABB /* ArticleViewController.swift */; };
		3439FC461DE3743A009B811A /* FeedTableViewCell.swift in Sources */ = {isa = PBXBuildFile; fileRef = 3439FC451DE3743A009B811A /* FeedTableViewCell.swift */; };
		3439FC481DE392E3009B811A /* UILabelExtension.swift in Sources */ = {isa = PBXBuildFile; fileRef = 3439FC471DE392E3009B811A /* UILabelExtension.swift */; };
		3439FC4A1DE3F06E009B811A /* FeedsCollectionViewController.swift in Sources */ = {isa = PBXBuildFile; fileRef = 3439FC491DE3F06E009B811A /* FeedsCollectionViewController.swift */; };
		3439FC4C1DE4082F009B811A /* FeedArticlesTableViewController.swift in Sources */ = {isa = PBXBuildFile; fileRef = 3439FC4B1DE4082F009B811A /* FeedArticlesTableViewController.swift */; };
		3439FC4E1DE40C88009B811A /* FeedArticleViewController.swift in Sources */ = {isa = PBXBuildFile; fileRef = 3439FC4D1DE40C88009B811A /* FeedArticleViewController.swift */; };
		3439FC501DE45A45009B811A /* UserSingleton.swift in Sources */ = {isa = PBXBuildFile; fileRef = 3439FC4F1DE45A45009B811A /* UserSingleton.swift */; };
		3439FC521DE4DC4D009B811A /* InfoViewController.swift in Sources */ = {isa = PBXBuildFile; fileRef = 3439FC511DE4DC4D009B811A /* InfoViewController.swift */; };
		3439FC541DE4DC5F009B811A /* EditInfoViewController.swift in Sources */ = {isa = PBXBuildFile; fileRef = 3439FC531DE4DC5F009B811A /* EditInfoViewController.swift */; };
		3439FC561DE4FC79009B811A /* TabBarController.swift in Sources */ = {isa = PBXBuildFile; fileRef = 3439FC551DE4FC79009B811A /* TabBarController.swift */; };
		3439FC581DE4FC8E009B811A /* NavigationController.swift in Sources */ = {isa = PBXBuildFile; fileRef = 3439FC571DE4FC8E009B811A /* NavigationController.swift */; };
		3439FC641DE50A7E009B811A /* Main iPad.storyboard in Resources */ = {isa = PBXBuildFile; fileRef = 3439FC5C1DE50A7E009B811A /* Main iPad.storyboard */; };
		3439FC651DE50A7E009B811A /* Main iPhone 5.storyboard in Resources */ = {isa = PBXBuildFile; fileRef = 3439FC5E1DE50A7E009B811A /* Main iPhone 5.storyboard */; };
		3439FC661DE50A7E009B811A /* Main iPhone 6.storyboard in Resources */ = {isa = PBXBuildFile; fileRef = 3439FC601DE50A7E009B811A /* Main iPhone 6.storyboard */; };
		3439FC671DE50A7E009B811A /* Main iPhone 6Plus.storyboard in Resources */ = {isa = PBXBuildFile; fileRef = 3439FC621DE50A7E009B811A /* Main iPhone 6Plus.storyboard */; };
		837775AD74F4803492940EDC /* Pods_JohoFeed.framework in Frameworks */ = {isa = PBXBuildFile; fileRef = 6AE6DA47C13C482C4B91A2A1 /* Pods_JohoFeed.framework */; };
		FB0B8A731DCAB29100A8575F /* ARChromeActivity.m in Sources */ = {isa = PBXBuildFile; fileRef = FB0B8A311DCAB29100A8575F /* ARChromeActivity.m */; };
		FB0B8A741DCAB29100A8575F /* ARChromeActivity.png in Resources */ = {isa = PBXBuildFile; fileRef = FB0B8A321DCAB29100A8575F /* ARChromeActivity.png */; };
		FB0B8A751DCAB29100A8575F /* ARChromeActivity@2x.png in Resources */ = {isa = PBXBuildFile; fileRef = FB0B8A331DCAB29100A8575F /* ARChromeActivity@2x.png */; };
		FB0B8A761DCAB29100A8575F /* ARChromeActivity@2x~ipad.png in Resources */ = {isa = PBXBuildFile; fileRef = FB0B8A341DCAB29100A8575F /* ARChromeActivity@2x~ipad.png */; };
		FB0B8A771DCAB29100A8575F /* ARChromeActivity@3x.png in Resources */ = {isa = PBXBuildFile; fileRef = FB0B8A351DCAB29100A8575F /* ARChromeActivity@3x.png */; };
		FB0B8A781DCAB29100A8575F /* ARChromeActivity@3x~ipad.png in Resources */ = {isa = PBXBuildFile; fileRef = FB0B8A361DCAB29100A8575F /* ARChromeActivity@3x~ipad.png */; };
		FB0B8A791DCAB29100A8575F /* ARChromeActivity~ipad.png in Resources */ = {isa = PBXBuildFile; fileRef = FB0B8A371DCAB29100A8575F /* ARChromeActivity~ipad.png */; };
		FB0B8A7A1DCAB29100A8575F /* .gitkeep in Resources */ = {isa = PBXBuildFile; fileRef = FB0B8A391DCAB29100A8575F /* .gitkeep */; };
		FB0B8A7B1DCAB29100A8575F /* TUSafariActivity.strings in Resources */ = {isa = PBXBuildFile; fileRef = FB0B8A3A1DCAB29100A8575F /* TUSafariActivity.strings */; };
		FB0B8A7C1DCAB29100A8575F /* safari.png in Resources */ = {isa = PBXBuildFile; fileRef = FB0B8A4A1DCAB29100A8575F /* safari.png */; };
		FB0B8A7D1DCAB29100A8575F /* safari@2x.png in Resources */ = {isa = PBXBuildFile; fileRef = FB0B8A4B1DCAB29100A8575F /* safari@2x.png */; };
		FB0B8A7E1DCAB29100A8575F /* safari@3x.png in Resources */ = {isa = PBXBuildFile; fileRef = FB0B8A4C1DCAB29100A8575F /* safari@3x.png */; };
		FB0B8A7F1DCAB29100A8575F /* safari~iPad.png in Resources */ = {isa = PBXBuildFile; fileRef = FB0B8A4D1DCAB29100A8575F /* safari~iPad.png */; };
		FB0B8A801DCAB29100A8575F /* safari~iPad@2x.png in Resources */ = {isa = PBXBuildFile; fileRef = FB0B8A4E1DCAB29100A8575F /* safari~iPad@2x.png */; };
		FB0B8A811DCAB29100A8575F /* .gitkeep in Resources */ = {isa = PBXBuildFile; fileRef = FB0B8A541DCAB29100A8575F /* .gitkeep */; };
		FB0B8A821DCAB29100A8575F /* TUSafariActivity.m in Sources */ = {isa = PBXBuildFile; fileRef = FB0B8A561DCAB29100A8575F /* TUSafariActivity.m */; };
		FB0B8A831DCAB29100A8575F /* GTMNSString+HTML.m in Sources */ = {isa = PBXBuildFile; fileRef = FB0B8A581DCAB29100A8575F /* GTMNSString+HTML.m */; };
		FB0B8A841DCAB29100A8575F /* backbutton.png in Resources */ = {isa = PBXBuildFile; fileRef = FB0B8A5B1DCAB29100A8575F /* backbutton.png */; };
		FB0B8A851DCAB29100A8575F /* backbutton@2x.png in Resources */ = {isa = PBXBuildFile; fileRef = FB0B8A5C1DCAB29100A8575F /* backbutton@2x.png */; };
		FB0B8A861DCAB29100A8575F /* backbutton@3x.png in Resources */ = {isa = PBXBuildFile; fileRef = FB0B8A5D1DCAB29100A8575F /* backbutton@3x.png */; };
		FB0B8A871DCAB29100A8575F /* forwardbutton.png in Resources */ = {isa = PBXBuildFile; fileRef = FB0B8A5E1DCAB29100A8575F /* forwardbutton.png */; };
		FB0B8A881DCAB29100A8575F /* forwardbutton@2x.png in Resources */ = {isa = PBXBuildFile; fileRef = FB0B8A5F1DCAB29100A8575F /* forwardbutton@2x.png */; };
		FB0B8A891DCAB29100A8575F /* forwardbutton@3x.png in Resources */ = {isa = PBXBuildFile; fileRef = FB0B8A601DCAB29100A8575F /* forwardbutton@3x.png */; };
		FB0B8A8A1DCAB29100A8575F /* KINWebBrowserViewController.m in Sources */ = {isa = PBXBuildFile; fileRef = FB0B8A621DCAB29100A8575F /* KINWebBrowserViewController.m */; };
		FB0B8A8B1DCAB29100A8575F /* MWFeedInfo.m in Sources */ = {isa = PBXBuildFile; fileRef = FB0B8A641DCAB29100A8575F /* MWFeedInfo.m */; };
		FB0B8A8C1DCAB29100A8575F /* MWFeedItem.m in Sources */ = {isa = PBXBuildFile; fileRef = FB0B8A661DCAB29100A8575F /* MWFeedItem.m */; };
		FB0B8A8D1DCAB29100A8575F /* MWFeedParser.m in Sources */ = {isa = PBXBuildFile; fileRef = FB0B8A681DCAB29100A8575F /* MWFeedParser.m */; };
		FB0B8A8E1DCAB29100A8575F /* NSDate+InternetDateTime.m in Sources */ = {isa = PBXBuildFile; fileRef = FB0B8A6B1DCAB29100A8575F /* NSDate+InternetDateTime.m */; };
		FB0B8A8F1DCAB29100A8575F /* NSString+HTML.m in Sources */ = {isa = PBXBuildFile; fileRef = FB0B8A6D1DCAB29100A8575F /* NSString+HTML.m */; };
		FB0B8A901DCAB29100A8575F /* NSString+XMLEntities.m in Sources */ = {isa = PBXBuildFile; fileRef = FB0B8A6F1DCAB29100A8575F /* NSString+XMLEntities.m */; };
		FB0B8A911DCAB29100A8575F /* SideBar.swift in Sources */ = {isa = PBXBuildFile; fileRef = FB0B8A701DCAB29100A8575F /* SideBar.swift */; };
		FB0B8A921DCAB29100A8575F /* SideBarTableViewController.swift in Sources */ = {isa = PBXBuildFile; fileRef = FB0B8A711DCAB29100A8575F /* SideBarTableViewController.swift */; };
		FB0B8A961DCBB9EF00A8575F /* CategoryCollectionViewCell.swift in Sources */ = {isa = PBXBuildFile; fileRef = FB0B8A951DCBB9EF00A8575F /* CategoryCollectionViewCell.swift */; };
		FB8A28C71DCA78230047B6A1 /* CategoriesCollectionViewController.swift in Sources */ = {isa = PBXBuildFile; fileRef = FB8A28C61DCA78230047B6A1 /* CategoriesCollectionViewController.swift */; };
		FB8A28D01DCA938D0047B6A1 /* Category.swift in Sources */ = {isa = PBXBuildFile; fileRef = FB8A28CF1DCA938D0047B6A1 /* Category.swift */; };
		FB8A28D21DCA93AA0047B6A1 /* Article.swift in Sources */ = {isa = PBXBuildFile; fileRef = FB8A28D11DCA93AA0047B6A1 /* Article.swift */; };
		FB8A28D41DCA93B90047B6A1 /* Comment.swift in Sources */ = {isa = PBXBuildFile; fileRef = FB8A28D31DCA93B90047B6A1 /* Comment.swift */; };
		FB8A28D61DCA93C00047B6A1 /* Feed.swift in Sources */ = {isa = PBXBuildFile; fileRef = FB8A28D51DCA93C00047B6A1 /* Feed.swift */; };
		FB8A28D81DCA93C90047B6A1 /* User.swift in Sources */ = {isa = PBXBuildFile; fileRef = FB8A28D71DCA93C90047B6A1 /* User.swift */; };
		FBB631EE1DDFEC1C009C00E4 /* Connection.swift in Sources */ = {isa = PBXBuildFile; fileRef = FBB631ED1DDFEC1C009C00E4 /* Connection.swift */; };
		FBCC188A1DB7FDD9004FC179 /* AppDelegate.swift in Sources */ = {isa = PBXBuildFile; fileRef = FBCC18891DB7FDD9004FC179 /* AppDelegate.swift */; };
		FBCC188F1DB7FDD9004FC179 /* Main.storyboard in Resources */ = {isa = PBXBuildFile; fileRef = FBCC188D1DB7FDD9004FC179 /* Main.storyboard */; };
		FBCC18911DB7FDD9004FC179 /* Assets.xcassets in Resources */ = {isa = PBXBuildFile; fileRef = FBCC18901DB7FDD9004FC179 /* Assets.xcassets */; };
		FBCC18941DB7FDD9004FC179 /* LaunchScreen.storyboard in Resources */ = {isa = PBXBuildFile; fileRef = FBCC18921DB7FDD9004FC179 /* LaunchScreen.storyboard */; };
		FBCC189C1DB80548004FC179 /* FeedTableViewController.swift in Sources */ = {isa = PBXBuildFile; fileRef = FBCC189B1DB80548004FC179 /* FeedTableViewController.swift */; };
		FBD2C6881DD3E98300EBF34C /* LoginViewController.swift in Sources */ = {isa = PBXBuildFile; fileRef = FBD2C6871DD3E98300EBF34C /* LoginViewController.swift */; };
		FBD2C68A1DD3E99300EBF34C /* SignupViewController.swift in Sources */ = {isa = PBXBuildFile; fileRef = FBD2C6891DD3E99300EBF34C /* SignupViewController.swift */; };
		FBD2C6AC1DD4037200EBF34C /* Pods_JohoFeed.framework in Frameworks */ = {isa = PBXBuildFile; fileRef = FBD2C6AB1DD4037200EBF34C /* Pods_JohoFeed.framework */; };
/* End PBXBuildFile section */

/* Begin PBXFileReference section */
		203D45DA4DD8855B87B75437 /* Pods-JohoFeed.release.xcconfig */ = {isa = PBXFileReference; includeInIndex = 1; lastKnownFileType = text.xcconfig; name = "Pods-JohoFeed.release.xcconfig"; path = "Pods/Target Support Files/Pods-JohoFeed/Pods-JohoFeed.release.xcconfig"; sourceTree = "<group>"; };
		34300CE21DE2F0310097AABB /* ArticleViewController.swift */ = {isa = PBXFileReference; fileEncoding = 4; lastKnownFileType = sourcecode.swift; path = ArticleViewController.swift; sourceTree = "<group>"; };
		3439FC451DE3743A009B811A /* FeedTableViewCell.swift */ = {isa = PBXFileReference; fileEncoding = 4; lastKnownFileType = sourcecode.swift; path = FeedTableViewCell.swift; sourceTree = "<group>"; };
		3439FC471DE392E3009B811A /* UILabelExtension.swift */ = {isa = PBXFileReference; fileEncoding = 4; lastKnownFileType = sourcecode.swift; path = UILabelExtension.swift; sourceTree = "<group>"; };
		3439FC491DE3F06E009B811A /* FeedsCollectionViewController.swift */ = {isa = PBXFileReference; fileEncoding = 4; lastKnownFileType = sourcecode.swift; path = FeedsCollectionViewController.swift; sourceTree = "<group>"; };
		3439FC4B1DE4082F009B811A /* FeedArticlesTableViewController.swift */ = {isa = PBXFileReference; fileEncoding = 4; lastKnownFileType = sourcecode.swift; path = FeedArticlesTableViewController.swift; sourceTree = "<group>"; };
		3439FC4D1DE40C88009B811A /* FeedArticleViewController.swift */ = {isa = PBXFileReference; fileEncoding = 4; lastKnownFileType = sourcecode.swift; path = FeedArticleViewController.swift; sourceTree = "<group>"; };
		3439FC4F1DE45A45009B811A /* UserSingleton.swift */ = {isa = PBXFileReference; fileEncoding = 4; lastKnownFileType = sourcecode.swift; path = UserSingleton.swift; sourceTree = "<group>"; };
		3439FC511DE4DC4D009B811A /* InfoViewController.swift */ = {isa = PBXFileReference; fileEncoding = 4; lastKnownFileType = sourcecode.swift; path = InfoViewController.swift; sourceTree = "<group>"; };
		3439FC531DE4DC5F009B811A /* EditInfoViewController.swift */ = {isa = PBXFileReference; fileEncoding = 4; lastKnownFileType = sourcecode.swift; path = EditInfoViewController.swift; sourceTree = "<group>"; };
		3439FC551DE4FC79009B811A /* TabBarController.swift */ = {isa = PBXFileReference; fileEncoding = 4; lastKnownFileType = sourcecode.swift; path = TabBarController.swift; sourceTree = "<group>"; };
		3439FC571DE4FC8E009B811A /* NavigationController.swift */ = {isa = PBXFileReference; fileEncoding = 4; lastKnownFileType = sourcecode.swift; path = NavigationController.swift; sourceTree = "<group>"; };
		3439FC5D1DE50A7E009B811A /* Base */ = {isa = PBXFileReference; lastKnownFileType = file.storyboard; name = Base; path = "Base.lproj/Main iPad.storyboard"; sourceTree = "<group>"; };
		3439FC5F1DE50A7E009B811A /* Base */ = {isa = PBXFileReference; lastKnownFileType = file.storyboard; name = Base; path = "Base.lproj/Main iPhone 5.storyboard"; sourceTree = "<group>"; };
		3439FC611DE50A7E009B811A /* Base */ = {isa = PBXFileReference; lastKnownFileType = file.storyboard; name = Base; path = "Base.lproj/Main iPhone 6.storyboard"; sourceTree = "<group>"; };
		3439FC631DE50A7E009B811A /* Base */ = {isa = PBXFileReference; lastKnownFileType = file.storyboard; name = Base; path = "Base.lproj/Main iPhone 6Plus.storyboard"; sourceTree = "<group>"; };
		6AE6DA47C13C482C4B91A2A1 /* Pods_JohoFeed.framework */ = {isa = PBXFileReference; explicitFileType = wrapper.framework; includeInIndex = 0; path = Pods_JohoFeed.framework; sourceTree = BUILT_PRODUCTS_DIR; };
		739AE64855F8A8BFDF8BA0AC /* Pods-JohoFeed.debug.xcconfig */ = {isa = PBXFileReference; includeInIndex = 1; lastKnownFileType = text.xcconfig; name = "Pods-JohoFeed.debug.xcconfig"; path = "Pods/Target Support Files/Pods-JohoFeed/Pods-JohoFeed.debug.xcconfig"; sourceTree = "<group>"; };
		FB0B8A301DCAB29100A8575F /* ARChromeActivity.h */ = {isa = PBXFileReference; fileEncoding = 4; lastKnownFileType = sourcecode.c.h; path = ARChromeActivity.h; sourceTree = "<group>"; };
		FB0B8A311DCAB29100A8575F /* ARChromeActivity.m */ = {isa = PBXFileReference; fileEncoding = 4; lastKnownFileType = sourcecode.c.objc; path = ARChromeActivity.m; sourceTree = "<group>"; };
		FB0B8A321DCAB29100A8575F /* ARChromeActivity.png */ = {isa = PBXFileReference; lastKnownFileType = image.png; path = ARChromeActivity.png; sourceTree = "<group>"; };
		FB0B8A331DCAB29100A8575F /* ARChromeActivity@2x.png */ = {isa = PBXFileReference; lastKnownFileType = image.png; path = "ARChromeActivity@2x.png"; sourceTree = "<group>"; };
		FB0B8A341DCAB29100A8575F /* ARChromeActivity@2x~ipad.png */ = {isa = PBXFileReference; lastKnownFileType = image.png; path = "ARChromeActivity@2x~ipad.png"; sourceTree = "<group>"; };
		FB0B8A351DCAB29100A8575F /* ARChromeActivity@3x.png */ = {isa = PBXFileReference; lastKnownFileType = image.png; path = "ARChromeActivity@3x.png"; sourceTree = "<group>"; };
		FB0B8A361DCAB29100A8575F /* ARChromeActivity@3x~ipad.png */ = {isa = PBXFileReference; lastKnownFileType = image.png; path = "ARChromeActivity@3x~ipad.png"; sourceTree = "<group>"; };
		FB0B8A371DCAB29100A8575F /* ARChromeActivity~ipad.png */ = {isa = PBXFileReference; lastKnownFileType = image.png; path = "ARChromeActivity~ipad.png"; sourceTree = "<group>"; };
		FB0B8A391DCAB29100A8575F /* .gitkeep */ = {isa = PBXFileReference; fileEncoding = 4; lastKnownFileType = text; path = .gitkeep; sourceTree = "<group>"; };
		FB0B8A3B1DCAB29100A8575F /* cs */ = {isa = PBXFileReference; lastKnownFileType = text.plist.strings; name = cs; path = cs.lproj/TUSafariActivity.strings; sourceTree = "<group>"; };
		FB0B8A3C1DCAB29100A8575F /* de */ = {isa = PBXFileReference; lastKnownFileType = text.plist.strings; name = de; path = de.lproj/TUSafariActivity.strings; sourceTree = "<group>"; };
		FB0B8A3D1DCAB29100A8575F /* en */ = {isa = PBXFileReference; lastKnownFileType = text.plist.strings; name = en; path = en.lproj/TUSafariActivity.strings; sourceTree = "<group>"; };
		FB0B8A3E1DCAB29100A8575F /* es */ = {isa = PBXFileReference; lastKnownFileType = text.plist.strings; name = es; path = es.lproj/TUSafariActivity.strings; sourceTree = "<group>"; };
		FB0B8A3F1DCAB29100A8575F /* eu */ = {isa = PBXFileReference; lastKnownFileType = text.plist.strings; name = eu; path = eu.lproj/TUSafariActivity.strings; sourceTree = "<group>"; };
		FB0B8A401DCAB29100A8575F /* fi */ = {isa = PBXFileReference; lastKnownFileType = text.plist.strings; name = fi; path = fi.lproj/TUSafariActivity.strings; sourceTree = "<group>"; };
		FB0B8A411DCAB29100A8575F /* fr */ = {isa = PBXFileReference; lastKnownFileType = text.plist.strings; name = fr; path = fr.lproj/TUSafariActivity.strings; sourceTree = "<group>"; };
		FB0B8A421DCAB29100A8575F /* it */ = {isa = PBXFileReference; lastKnownFileType = text.plist.strings; name = it; path = it.lproj/TUSafariActivity.strings; sourceTree = "<group>"; };
		FB0B8A431DCAB29100A8575F /* ja */ = {isa = PBXFileReference; lastKnownFileType = text.plist.strings; name = ja; path = ja.lproj/TUSafariActivity.strings; sourceTree = "<group>"; };
		FB0B8A441DCAB29100A8575F /* ko */ = {isa = PBXFileReference; lastKnownFileType = text.plist.strings; name = ko; path = ko.lproj/TUSafariActivity.strings; sourceTree = "<group>"; };
		FB0B8A451DCAB29100A8575F /* nl */ = {isa = PBXFileReference; lastKnownFileType = text.plist.strings; name = nl; path = nl.lproj/TUSafariActivity.strings; sourceTree = "<group>"; };
		FB0B8A461DCAB29100A8575F /* no */ = {isa = PBXFileReference; lastKnownFileType = text.plist.strings; name = no; path = no.lproj/TUSafariActivity.strings; sourceTree = "<group>"; };
		FB0B8A471DCAB29100A8575F /* pl */ = {isa = PBXFileReference; lastKnownFileType = text.plist.strings; name = pl; path = pl.lproj/TUSafariActivity.strings; sourceTree = "<group>"; };
		FB0B8A481DCAB29100A8575F /* pt */ = {isa = PBXFileReference; lastKnownFileType = text.plist.strings; name = pt; path = pt.lproj/TUSafariActivity.strings; sourceTree = "<group>"; };
		FB0B8A491DCAB29100A8575F /* ru */ = {isa = PBXFileReference; lastKnownFileType = text.plist.strings; name = ru; path = ru.lproj/TUSafariActivity.strings; sourceTree = "<group>"; };
		FB0B8A4A1DCAB29100A8575F /* safari.png */ = {isa = PBXFileReference; lastKnownFileType = image.png; path = safari.png; sourceTree = "<group>"; };
		FB0B8A4B1DCAB29100A8575F /* safari@2x.png */ = {isa = PBXFileReference; lastKnownFileType = image.png; path = "safari@2x.png"; sourceTree = "<group>"; };
		FB0B8A4C1DCAB29100A8575F /* safari@3x.png */ = {isa = PBXFileReference; lastKnownFileType = image.png; path = "safari@3x.png"; sourceTree = "<group>"; };
		FB0B8A4D1DCAB29100A8575F /* safari~iPad.png */ = {isa = PBXFileReference; lastKnownFileType = image.png; path = "safari~iPad.png"; sourceTree = "<group>"; };
		FB0B8A4E1DCAB29100A8575F /* safari~iPad@2x.png */ = {isa = PBXFileReference; lastKnownFileType = image.png; path = "safari~iPad@2x.png"; sourceTree = "<group>"; };
		FB0B8A4F1DCAB29100A8575F /* sk */ = {isa = PBXFileReference; lastKnownFileType = text.plist.strings; name = sk; path = sk.lproj/TUSafariActivity.strings; sourceTree = "<group>"; };
		FB0B8A501DCAB29100A8575F /* sv */ = {isa = PBXFileReference; lastKnownFileType = text.plist.strings; name = sv; path = sv.lproj/TUSafariActivity.strings; sourceTree = "<group>"; };
		FB0B8A511DCAB29100A8575F /* vi */ = {isa = PBXFileReference; lastKnownFileType = text.plist.strings; name = vi; path = vi.lproj/TUSafariActivity.strings; sourceTree = "<group>"; };
		FB0B8A521DCAB29100A8575F /* zh_CN */ = {isa = PBXFileReference; lastKnownFileType = text.plist.strings; name = zh_CN; path = zh_CN.lproj/TUSafariActivity.strings; sourceTree = "<group>"; };
		FB0B8A541DCAB29100A8575F /* .gitkeep */ = {isa = PBXFileReference; fileEncoding = 4; lastKnownFileType = text; path = .gitkeep; sourceTree = "<group>"; };
		FB0B8A551DCAB29100A8575F /* TUSafariActivity.h */ = {isa = PBXFileReference; fileEncoding = 4; lastKnownFileType = sourcecode.c.h; path = TUSafariActivity.h; sourceTree = "<group>"; };
		FB0B8A561DCAB29100A8575F /* TUSafariActivity.m */ = {isa = PBXFileReference; fileEncoding = 4; lastKnownFileType = sourcecode.c.objc; path = TUSafariActivity.m; sourceTree = "<group>"; };
		FB0B8A571DCAB29100A8575F /* GTMNSString+HTML.h */ = {isa = PBXFileReference; fileEncoding = 4; lastKnownFileType = sourcecode.c.h; path = "GTMNSString+HTML.h"; sourceTree = "<group>"; };
		FB0B8A581DCAB29100A8575F /* GTMNSString+HTML.m */ = {isa = PBXFileReference; fileEncoding = 4; lastKnownFileType = sourcecode.c.objc; path = "GTMNSString+HTML.m"; sourceTree = "<group>"; };
		FB0B8A5B1DCAB29100A8575F /* backbutton.png */ = {isa = PBXFileReference; lastKnownFileType = image.png; path = backbutton.png; sourceTree = "<group>"; };
		FB0B8A5C1DCAB29100A8575F /* backbutton@2x.png */ = {isa = PBXFileReference; lastKnownFileType = image.png; path = "backbutton@2x.png"; sourceTree = "<group>"; };
		FB0B8A5D1DCAB29100A8575F /* backbutton@3x.png */ = {isa = PBXFileReference; lastKnownFileType = image.png; path = "backbutton@3x.png"; sourceTree = "<group>"; };
		FB0B8A5E1DCAB29100A8575F /* forwardbutton.png */ = {isa = PBXFileReference; lastKnownFileType = image.png; path = forwardbutton.png; sourceTree = "<group>"; };
		FB0B8A5F1DCAB29100A8575F /* forwardbutton@2x.png */ = {isa = PBXFileReference; lastKnownFileType = image.png; path = "forwardbutton@2x.png"; sourceTree = "<group>"; };
		FB0B8A601DCAB29100A8575F /* forwardbutton@3x.png */ = {isa = PBXFileReference; lastKnownFileType = image.png; path = "forwardbutton@3x.png"; sourceTree = "<group>"; };
		FB0B8A611DCAB29100A8575F /* KINWebBrowserViewController.h */ = {isa = PBXFileReference; fileEncoding = 4; lastKnownFileType = sourcecode.c.h; path = KINWebBrowserViewController.h; sourceTree = "<group>"; };
		FB0B8A621DCAB29100A8575F /* KINWebBrowserViewController.m */ = {isa = PBXFileReference; fileEncoding = 4; lastKnownFileType = sourcecode.c.objc; path = KINWebBrowserViewController.m; sourceTree = "<group>"; };
		FB0B8A631DCAB29100A8575F /* MWFeedInfo.h */ = {isa = PBXFileReference; fileEncoding = 4; lastKnownFileType = sourcecode.c.h; path = MWFeedInfo.h; sourceTree = "<group>"; };
		FB0B8A641DCAB29100A8575F /* MWFeedInfo.m */ = {isa = PBXFileReference; fileEncoding = 4; lastKnownFileType = sourcecode.c.objc; path = MWFeedInfo.m; sourceTree = "<group>"; };
		FB0B8A651DCAB29100A8575F /* MWFeedItem.h */ = {isa = PBXFileReference; fileEncoding = 4; lastKnownFileType = sourcecode.c.h; path = MWFeedItem.h; sourceTree = "<group>"; };
		FB0B8A661DCAB29100A8575F /* MWFeedItem.m */ = {isa = PBXFileReference; fileEncoding = 4; lastKnownFileType = sourcecode.c.objc; path = MWFeedItem.m; sourceTree = "<group>"; };
		FB0B8A671DCAB29100A8575F /* MWFeedParser.h */ = {isa = PBXFileReference; fileEncoding = 4; lastKnownFileType = sourcecode.c.h; path = MWFeedParser.h; sourceTree = "<group>"; };
		FB0B8A681DCAB29100A8575F /* MWFeedParser.m */ = {isa = PBXFileReference; fileEncoding = 4; lastKnownFileType = sourcecode.c.objc; path = MWFeedParser.m; sourceTree = "<group>"; };
		FB0B8A691DCAB29100A8575F /* MWFeedParser_Private.h */ = {isa = PBXFileReference; fileEncoding = 4; lastKnownFileType = sourcecode.c.h; path = MWFeedParser_Private.h; sourceTree = "<group>"; };
		FB0B8A6A1DCAB29100A8575F /* NSDate+InternetDateTime.h */ = {isa = PBXFileReference; fileEncoding = 4; lastKnownFileType = sourcecode.c.h; path = "NSDate+InternetDateTime.h"; sourceTree = "<group>"; };
		FB0B8A6B1DCAB29100A8575F /* NSDate+InternetDateTime.m */ = {isa = PBXFileReference; fileEncoding = 4; lastKnownFileType = sourcecode.c.objc; path = "NSDate+InternetDateTime.m"; sourceTree = "<group>"; };
		FB0B8A6C1DCAB29100A8575F /* NSString+HTML.h */ = {isa = PBXFileReference; fileEncoding = 4; lastKnownFileType = sourcecode.c.h; path = "NSString+HTML.h"; sourceTree = "<group>"; };
		FB0B8A6D1DCAB29100A8575F /* NSString+HTML.m */ = {isa = PBXFileReference; fileEncoding = 4; lastKnownFileType = sourcecode.c.objc; path = "NSString+HTML.m"; sourceTree = "<group>"; };
		FB0B8A6E1DCAB29100A8575F /* NSString+XMLEntities.h */ = {isa = PBXFileReference; fileEncoding = 4; lastKnownFileType = sourcecode.c.h; path = "NSString+XMLEntities.h"; sourceTree = "<group>"; };
		FB0B8A6F1DCAB29100A8575F /* NSString+XMLEntities.m */ = {isa = PBXFileReference; fileEncoding = 4; lastKnownFileType = sourcecode.c.objc; path = "NSString+XMLEntities.m"; sourceTree = "<group>"; };
		FB0B8A701DCAB29100A8575F /* SideBar.swift */ = {isa = PBXFileReference; fileEncoding = 4; lastKnownFileType = sourcecode.swift; path = SideBar.swift; sourceTree = "<group>"; };
		FB0B8A711DCAB29100A8575F /* SideBarTableViewController.swift */ = {isa = PBXFileReference; fileEncoding = 4; lastKnownFileType = sourcecode.swift; path = SideBarTableViewController.swift; sourceTree = "<group>"; };
		FB0B8A951DCBB9EF00A8575F /* CategoryCollectionViewCell.swift */ = {isa = PBXFileReference; fileEncoding = 4; lastKnownFileType = sourcecode.swift; path = CategoryCollectionViewCell.swift; sourceTree = "<group>"; };
		FB237F2F1DCAA26400591216 /* project.xcworkspace */ = {isa = PBXFileReference; lastKnownFileType = wrapper.workspace; name = project.xcworkspace; path = JohoFeed.xcodeproj/project.xcworkspace; sourceTree = "<group>"; };
		FB8A28C61DCA78230047B6A1 /* CategoriesCollectionViewController.swift */ = {isa = PBXFileReference; fileEncoding = 4; lastKnownFileType = sourcecode.swift; path = CategoriesCollectionViewController.swift; sourceTree = "<group>"; };
		FB8A28CF1DCA938D0047B6A1 /* Category.swift */ = {isa = PBXFileReference; fileEncoding = 4; lastKnownFileType = sourcecode.swift; path = Category.swift; sourceTree = "<group>"; };
		FB8A28D11DCA93AA0047B6A1 /* Article.swift */ = {isa = PBXFileReference; fileEncoding = 4; lastKnownFileType = sourcecode.swift; path = Article.swift; sourceTree = "<group>"; };
		FB8A28D31DCA93B90047B6A1 /* Comment.swift */ = {isa = PBXFileReference; fileEncoding = 4; lastKnownFileType = sourcecode.swift; path = Comment.swift; sourceTree = "<group>"; };
		FB8A28D51DCA93C00047B6A1 /* Feed.swift */ = {isa = PBXFileReference; fileEncoding = 4; lastKnownFileType = sourcecode.swift; path = Feed.swift; sourceTree = "<group>"; };
		FB8A28D71DCA93C90047B6A1 /* User.swift */ = {isa = PBXFileReference; fileEncoding = 4; lastKnownFileType = sourcecode.swift; path = User.swift; sourceTree = "<group>"; };
		FBB631ED1DDFEC1C009C00E4 /* Connection.swift */ = {isa = PBXFileReference; fileEncoding = 4; lastKnownFileType = sourcecode.swift; path = Connection.swift; sourceTree = "<group>"; };
		FBCC18861DB7FDD9004FC179 /* JohoFeed.app */ = {isa = PBXFileReference; explicitFileType = wrapper.application; includeInIndex = 0; path = JohoFeed.app; sourceTree = BUILT_PRODUCTS_DIR; };
		FBCC18891DB7FDD9004FC179 /* AppDelegate.swift */ = {isa = PBXFileReference; lastKnownFileType = sourcecode.swift; path = AppDelegate.swift; sourceTree = "<group>"; };
		FBCC188E1DB7FDD9004FC179 /* Base */ = {isa = PBXFileReference; lastKnownFileType = file.storyboard; name = Base; path = Base.lproj/Main.storyboard; sourceTree = "<group>"; };
		FBCC18901DB7FDD9004FC179 /* Assets.xcassets */ = {isa = PBXFileReference; lastKnownFileType = folder.assetcatalog; path = Assets.xcassets; sourceTree = "<group>"; };
		FBCC18931DB7FDD9004FC179 /* Base */ = {isa = PBXFileReference; lastKnownFileType = file.storyboard; name = Base; path = Base.lproj/LaunchScreen.storyboard; sourceTree = "<group>"; };
		FBCC18951DB7FDD9004FC179 /* Info.plist */ = {isa = PBXFileReference; lastKnownFileType = text.plist.xml; path = Info.plist; sourceTree = "<group>"; };
		FBCC189B1DB80548004FC179 /* FeedTableViewController.swift */ = {isa = PBXFileReference; fileEncoding = 4; lastKnownFileType = sourcecode.swift; path = FeedTableViewController.swift; sourceTree = "<group>"; };
		FBCC189D1DB805EC004FC179 /* JohoFeed-Bridging-Header.h */ = {isa = PBXFileReference; lastKnownFileType = sourcecode.c.h; path = "JohoFeed-Bridging-Header.h"; sourceTree = "<group>"; };
		FBD2C6871DD3E98300EBF34C /* LoginViewController.swift */ = {isa = PBXFileReference; fileEncoding = 4; lastKnownFileType = sourcecode.swift; path = LoginViewController.swift; sourceTree = "<group>"; };
		FBD2C6891DD3E99300EBF34C /* SignupViewController.swift */ = {isa = PBXFileReference; fileEncoding = 4; lastKnownFileType = sourcecode.swift; path = SignupViewController.swift; sourceTree = "<group>"; };
		FBD2C6AB1DD4037200EBF34C /* Pods_JohoFeed.framework */ = {isa = PBXFileReference; lastKnownFileType = wrapper.framework; name = Pods_JohoFeed.framework; path = "../../Library/Developer/Xcode/DerivedData/JohoFeed-feqgqifutlaxjgapkebyibplvlto/Build/Products/Debug-iphonesimulator/Pods_JohoFeed.framework"; sourceTree = "<group>"; };
		FBD2C6AD1DD4037A00EBF34C /* KeychainSwift.framework */ = {isa = PBXFileReference; lastKnownFileType = wrapper.framework; name = KeychainSwift.framework; path = "Pods/../build/Debug-iphoneos/KeychainSwift/KeychainSwift.framework"; sourceTree = "<group>"; };
/* End PBXFileReference section */

/* Begin PBXFrameworksBuildPhase section */
		FBCC18831DB7FDD9004FC179 /* Frameworks */ = {
			isa = PBXFrameworksBuildPhase;
			buildActionMask = 2147483647;
			files = (
				FBD2C6AC1DD4037200EBF34C /* Pods_JohoFeed.framework in Frameworks */,
				837775AD74F4803492940EDC /* Pods_JohoFeed.framework in Frameworks */,
			);
			runOnlyForDeploymentPostprocessing = 0;
		};
/* End PBXFrameworksBuildPhase section */

/* Begin PBXGroup section */
		3439FC591DE50989009B811A /* Storyboards */ = {
			isa = PBXGroup;
			children = (
				3439FC5C1DE50A7E009B811A /* Main iPad.storyboard */,
				3439FC5E1DE50A7E009B811A /* Main iPhone 5.storyboard */,
				3439FC601DE50A7E009B811A /* Main iPhone 6.storyboard */,
				3439FC621DE50A7E009B811A /* Main iPhone 6Plus.storyboard */,
				FBCC188D1DB7FDD9004FC179 /* Main.storyboard */,
			);
			name = Storyboards;
			sourceTree = "<group>";
		};
		94DE76F396F2B248047A7E65 /* Pods */ = {
			isa = PBXGroup;
			children = (
				739AE64855F8A8BFDF8BA0AC /* Pods-JohoFeed.debug.xcconfig */,
				203D45DA4DD8855B87B75437 /* Pods-JohoFeed.release.xcconfig */,
			);
			name = Pods;
			sourceTree = "<group>";
		};
		FB0B8A2F1DCAB29100A8575F /* Helper */ = {
			isa = PBXGroup;
			children = (
				FB0B8A301DCAB29100A8575F /* ARChromeActivity.h */,
				FB0B8A311DCAB29100A8575F /* ARChromeActivity.m */,
				FB0B8A321DCAB29100A8575F /* ARChromeActivity.png */,
				FB0B8A331DCAB29100A8575F /* ARChromeActivity@2x.png */,
				FB0B8A341DCAB29100A8575F /* ARChromeActivity@2x~ipad.png */,
				FB0B8A351DCAB29100A8575F /* ARChromeActivity@3x.png */,
				FB0B8A361DCAB29100A8575F /* ARChromeActivity@3x~ipad.png */,
				FB0B8A371DCAB29100A8575F /* ARChromeActivity~ipad.png */,
				FB0B8A381DCAB29100A8575F /* Assets */,
				FB0B8A531DCAB29100A8575F /* Classes */,
				FB0B8A571DCAB29100A8575F /* GTMNSString+HTML.h */,
				FB0B8A581DCAB29100A8575F /* GTMNSString+HTML.m */,
				FB0B8A591DCAB29100A8575F /* KINWebBrowser */,
				FB0B8A631DCAB29100A8575F /* MWFeedInfo.h */,
				FB0B8A641DCAB29100A8575F /* MWFeedInfo.m */,
				FB0B8A651DCAB29100A8575F /* MWFeedItem.h */,
				FB0B8A661DCAB29100A8575F /* MWFeedItem.m */,
				FB0B8A671DCAB29100A8575F /* MWFeedParser.h */,
				FB0B8A681DCAB29100A8575F /* MWFeedParser.m */,
				FB0B8A691DCAB29100A8575F /* MWFeedParser_Private.h */,
				FB0B8A6A1DCAB29100A8575F /* NSDate+InternetDateTime.h */,
				FB0B8A6B1DCAB29100A8575F /* NSDate+InternetDateTime.m */,
				FB0B8A6C1DCAB29100A8575F /* NSString+HTML.h */,
				FB0B8A6D1DCAB29100A8575F /* NSString+HTML.m */,
				FB0B8A6E1DCAB29100A8575F /* NSString+XMLEntities.h */,
				FB0B8A6F1DCAB29100A8575F /* NSString+XMLEntities.m */,
				FB0B8A701DCAB29100A8575F /* SideBar.swift */,
				FB0B8A711DCAB29100A8575F /* SideBarTableViewController.swift */,
			);
			name = Helper;
			path = JohoFeed/Helper;
			sourceTree = "<group>";
		};
		FB0B8A381DCAB29100A8575F /* Assets */ = {
			isa = PBXGroup;
			children = (
				FB0B8A391DCAB29100A8575F /* .gitkeep */,
				FB0B8A3A1DCAB29100A8575F /* TUSafariActivity.strings */,
				FB0B8A4A1DCAB29100A8575F /* safari.png */,
				FB0B8A4B1DCAB29100A8575F /* safari@2x.png */,
				FB0B8A4C1DCAB29100A8575F /* safari@3x.png */,
				FB0B8A4D1DCAB29100A8575F /* safari~iPad.png */,
				FB0B8A4E1DCAB29100A8575F /* safari~iPad@2x.png */,
			);
			path = Assets;
			sourceTree = "<group>";
		};
		FB0B8A531DCAB29100A8575F /* Classes */ = {
			isa = PBXGroup;
			children = (
				FB0B8A541DCAB29100A8575F /* .gitkeep */,
				FB0B8A551DCAB29100A8575F /* TUSafariActivity.h */,
				FB0B8A561DCAB29100A8575F /* TUSafariActivity.m */,
			);
			path = Classes;
			sourceTree = "<group>";
		};
		FB0B8A591DCAB29100A8575F /* KINWebBrowser */ = {
			isa = PBXGroup;
			children = (
				FB0B8A5A1DCAB29100A8575F /* Assets */,
				FB0B8A611DCAB29100A8575F /* KINWebBrowserViewController.h */,
				FB0B8A621DCAB29100A8575F /* KINWebBrowserViewController.m */,
			);
			path = KINWebBrowser;
			sourceTree = "<group>";
		};
		FB0B8A5A1DCAB29100A8575F /* Assets */ = {
			isa = PBXGroup;
			children = (
				FB0B8A5B1DCAB29100A8575F /* backbutton.png */,
				FB0B8A5C1DCAB29100A8575F /* backbutton@2x.png */,
				FB0B8A5D1DCAB29100A8575F /* backbutton@3x.png */,
				FB0B8A5E1DCAB29100A8575F /* forwardbutton.png */,
				FB0B8A5F1DCAB29100A8575F /* forwardbutton@2x.png */,
				FB0B8A601DCAB29100A8575F /* forwardbutton@3x.png */,
			);
			path = Assets;
			sourceTree = "<group>";
		};
		FB237F2E1DCAA26400591216 /* Frameworks */ = {
			isa = PBXGroup;
			children = (
				FBD2C6AD1DD4037A00EBF34C /* KeychainSwift.framework */,
				FBD2C6AB1DD4037200EBF34C /* Pods_JohoFeed.framework */,
				FB237F2F1DCAA26400591216 /* project.xcworkspace */,
				6AE6DA47C13C482C4B91A2A1 /* Pods_JohoFeed.framework */,
			);
			name = Frameworks;
			sourceTree = "<group>";
		};
		FB8A28CA1DCA91BB0047B6A1 /* Models */ = {
			isa = PBXGroup;
			children = (
				FB8A28CF1DCA938D0047B6A1 /* Category.swift */,
				FB8A28D11DCA93AA0047B6A1 /* Article.swift */,
				FB8A28D31DCA93B90047B6A1 /* Comment.swift */,
				FB8A28D51DCA93C00047B6A1 /* Feed.swift */,
				FB8A28D71DCA93C90047B6A1 /* User.swift */,
			);
			name = Models;
			sourceTree = "<group>";
		};
		FBB631EF1DDFF11F009C00E4 /* Controllers */ = {
			isa = PBXGroup;
			children = (
				FBCC189B1DB80548004FC179 /* FeedTableViewController.swift */,
				FB8A28C61DCA78230047B6A1 /* CategoriesCollectionViewController.swift */,
				FB0B8A951DCBB9EF00A8575F /* CategoryCollectionViewCell.swift */,
				FBD2C6871DD3E98300EBF34C /* LoginViewController.swift */,
				FBD2C6891DD3E99300EBF34C /* SignupViewController.swift */,
				34300CE21DE2F0310097AABB /* ArticleViewController.swift */,
				3439FC451DE3743A009B811A /* FeedTableViewCell.swift */,
				3439FC491DE3F06E009B811A /* FeedsCollectionViewController.swift */,
				3439FC4B1DE4082F009B811A /* FeedArticlesTableViewController.swift */,
				3439FC4D1DE40C88009B811A /* FeedArticleViewController.swift */,
				3439FC511DE4DC4D009B811A /* InfoViewController.swift */,
				3439FC531DE4DC5F009B811A /* EditInfoViewController.swift */,
				3439FC551DE4FC79009B811A /* TabBarController.swift */,
				3439FC571DE4FC8E009B811A /* NavigationController.swift */,
			);
			name = Controllers;
			sourceTree = "<group>";
		};
		FBCC187D1DB7FDD9004FC179 = {
			isa = PBXGroup;
			children = (
				FBCC18881DB7FDD9004FC179 /* JohoFeed */,
				FBCC18871DB7FDD9004FC179 /* Products */,
				FB0B8A2F1DCAB29100A8575F /* Helper */,
				FB237F2E1DCAA26400591216 /* Frameworks */,
				94DE76F396F2B248047A7E65 /* Pods */,
			);
			sourceTree = "<group>";
		};
		FBCC18871DB7FDD9004FC179 /* Products */ = {
			isa = PBXGroup;
			children = (
				FBCC18861DB7FDD9004FC179 /* JohoFeed.app */,
			);
			name = Products;
			sourceTree = "<group>";
		};
		FBCC18881DB7FDD9004FC179 /* JohoFeed */ = {
			isa = PBXGroup;
			children = (
				3439FC591DE50989009B811A /* Storyboards */,
				FBB631EF1DDFF11F009C00E4 /* Controllers */,
				FB8A28CA1DCA91BB0047B6A1 /* Models */,
				FBCC18891DB7FDD9004FC179 /* AppDelegate.swift */,
				FBCC18901DB7FDD9004FC179 /* Assets.xcassets */,
				FBCC18921DB7FDD9004FC179 /* LaunchScreen.storyboard */,
				FBCC18951DB7FDD9004FC179 /* Info.plist */,
				FBCC189D1DB805EC004FC179 /* JohoFeed-Bridging-Header.h */,
				FBB631ED1DDFEC1C009C00E4 /* Connection.swift */,
				3439FC471DE392E3009B811A /* UILabelExtension.swift */,
				3439FC4F1DE45A45009B811A /* UserSingleton.swift */,
			);
			path = JohoFeed;
			sourceTree = "<group>";
		};
/* End PBXGroup section */

/* Begin PBXNativeTarget section */
		FBCC18851DB7FDD9004FC179 /* JohoFeed */ = {
			isa = PBXNativeTarget;
			buildConfigurationList = FBCC18981DB7FDD9004FC179 /* Build configuration list for PBXNativeTarget "JohoFeed" */;
			buildPhases = (
				F9D47F90791D9183CD7EB0A5 /* [CP] Check Pods Manifest.lock */,
				FBCC18821DB7FDD9004FC179 /* Sources */,
				FBCC18831DB7FDD9004FC179 /* Frameworks */,
				FBCC18841DB7FDD9004FC179 /* Resources */,
				CF162B701E37DF5292B9B647 /* [CP] Embed Pods Frameworks */,
				37E9C8C22D13B1B12CA611A9 /* [CP] Copy Pods Resources */,
			);
			buildRules = (
			);
			dependencies = (
			);
			name = JohoFeed;
			productName = JohoFeed;
			productReference = FBCC18861DB7FDD9004FC179 /* JohoFeed.app */;
			productType = "com.apple.product-type.application";
		};
/* End PBXNativeTarget section */

/* Begin PBXProject section */
		FBCC187E1DB7FDD9004FC179 /* Project object */ = {
			isa = PBXProject;
			attributes = {
				LastSwiftUpdateCheck = 0800;
				LastUpgradeCheck = 0800;
				ORGANIZATIONNAME = "Evan Juárez";
				TargetAttributes = {
					FBCC18851DB7FDD9004FC179 = {
						CreatedOnToolsVersion = 8.0;
						LastSwiftMigration = 0800;
						ProvisioningStyle = Automatic;
					};
				};
			};
			buildConfigurationList = FBCC18811DB7FDD9004FC179 /* Build configuration list for PBXProject "JohoFeed" */;
			compatibilityVersion = "Xcode 3.2";
			developmentRegion = English;
			hasScannedForEncodings = 0;
			knownRegions = (
				en,
				Base,
				cs,
				de,
				es,
				eu,
				fi,
				fr,
				it,
				ja,
				ko,
				nl,
				no,
				pl,
				pt,
				ru,
				sk,
				sv,
				vi,
				zh_CN,
			);
			mainGroup = FBCC187D1DB7FDD9004FC179;
			productRefGroup = FBCC18871DB7FDD9004FC179 /* Products */;
			projectDirPath = "";
			projectRoot = "";
			targets = (
				FBCC18851DB7FDD9004FC179 /* JohoFeed */,
			);
		};
/* End PBXProject section */

/* Begin PBXResourcesBuildPhase section */
		FBCC18841DB7FDD9004FC179 /* Resources */ = {
			isa = PBXResourcesBuildPhase;
			buildActionMask = 2147483647;
			files = (
				3439FC651DE50A7E009B811A /* Main iPhone 5.storyboard in Resources */,
				FB0B8A741DCAB29100A8575F /* ARChromeActivity.png in Resources */,
				FB0B8A871DCAB29100A8575F /* forwardbutton.png in Resources */,
				FBCC18941DB7FDD9004FC179 /* LaunchScreen.storyboard in Resources */,
				FB0B8A891DCAB29100A8575F /* forwardbutton@3x.png in Resources */,
				FB0B8A7D1DCAB29100A8575F /* safari@2x.png in Resources */,
				FB0B8A781DCAB29100A8575F /* ARChromeActivity@3x~ipad.png in Resources */,
				3439FC641DE50A7E009B811A /* Main iPad.storyboard in Resources */,
				FB0B8A7A1DCAB29100A8575F /* .gitkeep in Resources */,
				FB0B8A771DCAB29100A8575F /* ARChromeActivity@3x.png in Resources */,
				FBCC18911DB7FDD9004FC179 /* Assets.xcassets in Resources */,
				FB0B8A7F1DCAB29100A8575F /* safari~iPad.png in Resources */,
				FB0B8A7C1DCAB29100A8575F /* safari.png in Resources */,
				3439FC671DE50A7E009B811A /* Main iPhone 6Plus.storyboard in Resources */,
				FB0B8A751DCAB29100A8575F /* ARChromeActivity@2x.png in Resources */,
				FB0B8A791DCAB29100A8575F /* ARChromeActivity~ipad.png in Resources */,
				FB0B8A7E1DCAB29100A8575F /* safari@3x.png in Resources */,
				FB0B8A851DCAB29100A8575F /* backbutton@2x.png in Resources */,
				FB0B8A7B1DCAB29100A8575F /* TUSafariActivity.strings in Resources */,
				FB0B8A811DCAB29100A8575F /* .gitkeep in Resources */,
				FB0B8A861DCAB29100A8575F /* backbutton@3x.png in Resources */,
				FB0B8A761DCAB29100A8575F /* ARChromeActivity@2x~ipad.png in Resources */,
				3439FC661DE50A7E009B811A /* Main iPhone 6.storyboard in Resources */,
				FB0B8A801DCAB29100A8575F /* safari~iPad@2x.png in Resources */,
				FB0B8A841DCAB29100A8575F /* backbutton.png in Resources */,
				FB0B8A881DCAB29100A8575F /* forwardbutton@2x.png in Resources */,
				FBCC188F1DB7FDD9004FC179 /* Main.storyboard in Resources */,
			);
			runOnlyForDeploymentPostprocessing = 0;
		};
/* End PBXResourcesBuildPhase section */

/* Begin PBXShellScriptBuildPhase section */
		37E9C8C22D13B1B12CA611A9 /* [CP] Copy Pods Resources */ = {
			isa = PBXShellScriptBuildPhase;
			buildActionMask = 2147483647;
			files = (
			);
			inputPaths = (
			);
			name = "[CP] Copy Pods Resources";
			outputPaths = (
			);
			runOnlyForDeploymentPostprocessing = 0;
			shellPath = /bin/sh;
			shellScript = "\"${SRCROOT}/Pods/Target Support Files/Pods-JohoFeed/Pods-JohoFeed-resources.sh\"\n";
			showEnvVarsInLog = 0;
		};
		CF162B701E37DF5292B9B647 /* [CP] Embed Pods Frameworks */ = {
			isa = PBXShellScriptBuildPhase;
			buildActionMask = 2147483647;
			files = (
			);
			inputPaths = (
			);
			name = "[CP] Embed Pods Frameworks";
			outputPaths = (
			);
			runOnlyForDeploymentPostprocessing = 0;
			shellPath = /bin/sh;
			shellScript = "\"${SRCROOT}/Pods/Target Support Files/Pods-JohoFeed/Pods-JohoFeed-frameworks.sh\"\n";
			showEnvVarsInLog = 0;
		};
		F9D47F90791D9183CD7EB0A5 /* [CP] Check Pods Manifest.lock */ = {
			isa = PBXShellScriptBuildPhase;
			buildActionMask = 2147483647;
			files = (
			);
			inputPaths = (
			);
			name = "[CP] Check Pods Manifest.lock";
			outputPaths = (
			);
			runOnlyForDeploymentPostprocessing = 0;
			shellPath = /bin/sh;
			shellScript = "diff \"${PODS_ROOT}/../Podfile.lock\" \"${PODS_ROOT}/Manifest.lock\" > /dev/null\nif [ $? != 0 ] ; then\n    # print error to STDERR\n    echo \"error: The sandbox is not in sync with the Podfile.lock. Run 'pod install' or update your CocoaPods installation.\" >&2\n    exit 1\nfi\n";
			showEnvVarsInLog = 0;
		};
/* End PBXShellScriptBuildPhase section */

/* Begin PBXSourcesBuildPhase section */
		FBCC18821DB7FDD9004FC179 /* Sources */ = {
			isa = PBXSourcesBuildPhase;
			buildActionMask = 2147483647;
			files = (
				FB8A28D61DCA93C00047B6A1 /* Feed.swift in Sources */,
				FB8A28D01DCA938D0047B6A1 /* Category.swift in Sources */,
				FB0B8A921DCAB29100A8575F /* SideBarTableViewController.swift in Sources */,
				FB0B8A911DCAB29100A8575F /* SideBar.swift in Sources */,
				3439FC541DE4DC5F009B811A /* EditInfoViewController.swift in Sources */,
				3439FC4A1DE3F06E009B811A /* FeedsCollectionViewController.swift in Sources */,
				3439FC4C1DE4082F009B811A /* FeedArticlesTableViewController.swift in Sources */,
				FB0B8A901DCAB29100A8575F /* NSString+XMLEntities.m in Sources */,
				3439FC461DE3743A009B811A /* FeedTableViewCell.swift in Sources */,
				FB0B8A821DCAB29100A8575F /* TUSafariActivity.m in Sources */,
				3439FC481DE392E3009B811A /* UILabelExtension.swift in Sources */,
				FB8A28D21DCA93AA0047B6A1 /* Article.swift in Sources */,
				3439FC581DE4FC8E009B811A /* NavigationController.swift in Sources */,
				3439FC4E1DE40C88009B811A /* FeedArticleViewController.swift in Sources */,
				FB8A28D41DCA93B90047B6A1 /* Comment.swift in Sources */,
				FBD2C68A1DD3E99300EBF34C /* SignupViewController.swift in Sources */,
				FB0B8A8B1DCAB29100A8575F /* MWFeedInfo.m in Sources */,
				FBD2C6881DD3E98300EBF34C /* LoginViewController.swift in Sources */,
				FB8A28D81DCA93C90047B6A1 /* User.swift in Sources */,
				34300CE31DE2F0310097AABB /* ArticleViewController.swift in Sources */,
				FBCC188A1DB7FDD9004FC179 /* AppDelegate.swift in Sources */,
				FB0B8A961DCBB9EF00A8575F /* CategoryCollectionViewCell.swift in Sources */,
				FB0B8A8C1DCAB29100A8575F /* MWFeedItem.m in Sources */,
				FB0B8A8E1DCAB29100A8575F /* NSDate+InternetDateTime.m in Sources */,
				3439FC561DE4FC79009B811A /* TabBarController.swift in Sources */,
				FB0B8A8D1DCAB29100A8575F /* MWFeedParser.m in Sources */,
				FB8A28C71DCA78230047B6A1 /* CategoriesCollectionViewController.swift in Sources */,
				3439FC501DE45A45009B811A /* UserSingleton.swift in Sources */,
				FB0B8A8F1DCAB29100A8575F /* NSString+HTML.m in Sources */,
				FBB631EE1DDFEC1C009C00E4 /* Connection.swift in Sources */,
				FB0B8A731DCAB29100A8575F /* ARChromeActivity.m in Sources */,
				FBCC189C1DB80548004FC179 /* FeedTableViewController.swift in Sources */,
				FB0B8A831DCAB29100A8575F /* GTMNSString+HTML.m in Sources */,
				3439FC521DE4DC4D009B811A /* InfoViewController.swift in Sources */,
				FB0B8A8A1DCAB29100A8575F /* KINWebBrowserViewController.m in Sources */,
			);
			runOnlyForDeploymentPostprocessing = 0;
		};
/* End PBXSourcesBuildPhase section */

/* Begin PBXVariantGroup section */
		3439FC5C1DE50A7E009B811A /* Main iPad.storyboard */ = {
			isa = PBXVariantGroup;
			children = (
				3439FC5D1DE50A7E009B811A /* Base */,
			);
			name = "Main iPad.storyboard";
			sourceTree = "<group>";
		};
		3439FC5E1DE50A7E009B811A /* Main iPhone 5.storyboard */ = {
			isa = PBXVariantGroup;
			children = (
				3439FC5F1DE50A7E009B811A /* Base */,
			);
			name = "Main iPhone 5.storyboard";
			sourceTree = "<group>";
		};
		3439FC601DE50A7E009B811A /* Main iPhone 6.storyboard */ = {
			isa = PBXVariantGroup;
			children = (
				3439FC611DE50A7E009B811A /* Base */,
			);
			name = "Main iPhone 6.storyboard";
			sourceTree = "<group>";
		};
		3439FC621DE50A7E009B811A /* Main iPhone 6Plus.storyboard */ = {
			isa = PBXVariantGroup;
			children = (
				3439FC631DE50A7E009B811A /* Base */,
			);
			name = "Main iPhone 6Plus.storyboard";
			sourceTree = "<group>";
		};
		FB0B8A3A1DCAB29100A8575F /* TUSafariActivity.strings */ = {
			isa = PBXVariantGroup;
			children = (
				FB0B8A3B1DCAB29100A8575F /* cs */,
				FB0B8A3C1DCAB29100A8575F /* de */,
				FB0B8A3D1DCAB29100A8575F /* en */,
				FB0B8A3E1DCAB29100A8575F /* es */,
				FB0B8A3F1DCAB29100A8575F /* eu */,
				FB0B8A401DCAB29100A8575F /* fi */,
				FB0B8A411DCAB29100A8575F /* fr */,
				FB0B8A421DCAB29100A8575F /* it */,
				FB0B8A431DCAB29100A8575F /* ja */,
				FB0B8A441DCAB29100A8575F /* ko */,
				FB0B8A451DCAB29100A8575F /* nl */,
				FB0B8A461DCAB29100A8575F /* no */,
				FB0B8A471DCAB29100A8575F /* pl */,
				FB0B8A481DCAB29100A8575F /* pt */,
				FB0B8A491DCAB29100A8575F /* ru */,
				FB0B8A4F1DCAB29100A8575F /* sk */,
				FB0B8A501DCAB29100A8575F /* sv */,
				FB0B8A511DCAB29100A8575F /* vi */,
				FB0B8A521DCAB29100A8575F /* zh_CN */,
			);
			name = TUSafariActivity.strings;
			sourceTree = "<group>";
		};
		FBCC188D1DB7FDD9004FC179 /* Main.storyboard */ = {
			isa = PBXVariantGroup;
			children = (
				FBCC188E1DB7FDD9004FC179 /* Base */,
			);
			name = Main.storyboard;
			sourceTree = "<group>";
		};
		FBCC18921DB7FDD9004FC179 /* LaunchScreen.storyboard */ = {
			isa = PBXVariantGroup;
			children = (
				FBCC18931DB7FDD9004FC179 /* Base */,
			);
			name = LaunchScreen.storyboard;
			sourceTree = "<group>";
		};
/* End PBXVariantGroup section */

/* Begin XCBuildConfiguration section */
		FBCC18961DB7FDD9004FC179 /* Debug */ = {
			isa = XCBuildConfiguration;
			buildSettings = {
				ALWAYS_SEARCH_USER_PATHS = NO;
				CLANG_ANALYZER_NONNULL = YES;
				CLANG_CXX_LANGUAGE_STANDARD = "gnu++0x";
				CLANG_CXX_LIBRARY = "libc++";
				CLANG_ENABLE_MODULES = YES;
				CLANG_ENABLE_OBJC_ARC = YES;
				CLANG_WARN_BOOL_CONVERSION = YES;
				CLANG_WARN_CONSTANT_CONVERSION = YES;
				CLANG_WARN_DIRECT_OBJC_ISA_USAGE = YES_ERROR;
				CLANG_WARN_DOCUMENTATION_COMMENTS = YES;
				CLANG_WARN_EMPTY_BODY = YES;
				CLANG_WARN_ENUM_CONVERSION = YES;
				CLANG_WARN_INFINITE_RECURSION = YES;
				CLANG_WARN_INT_CONVERSION = YES;
				CLANG_WARN_OBJC_ROOT_CLASS = YES_ERROR;
				CLANG_WARN_SUSPICIOUS_MOVES = YES;
				CLANG_WARN_UNREACHABLE_CODE = YES;
				CLANG_WARN__DUPLICATE_METHOD_MATCH = YES;
				"CODE_SIGN_IDENTITY[sdk=iphoneos*]" = "iPhone Developer";
				COPY_PHASE_STRIP = NO;
				DEBUG_INFORMATION_FORMAT = dwarf;
				ENABLE_STRICT_OBJC_MSGSEND = YES;
				ENABLE_TESTABILITY = YES;
				GCC_C_LANGUAGE_STANDARD = gnu99;
				GCC_DYNAMIC_NO_PIC = NO;
				GCC_NO_COMMON_BLOCKS = YES;
				GCC_OPTIMIZATION_LEVEL = 0;
				GCC_PREPROCESSOR_DEFINITIONS = (
					"DEBUG=1",
					"$(inherited)",
				);
				GCC_WARN_64_TO_32_BIT_CONVERSION = YES;
				GCC_WARN_ABOUT_RETURN_TYPE = YES_ERROR;
				GCC_WARN_UNDECLARED_SELECTOR = YES;
				GCC_WARN_UNINITIALIZED_AUTOS = YES_AGGRESSIVE;
				GCC_WARN_UNUSED_FUNCTION = YES;
				GCC_WARN_UNUSED_VARIABLE = YES;
				IPHONEOS_DEPLOYMENT_TARGET = 10.0;
				MTL_ENABLE_DEBUG_INFO = YES;
				ONLY_ACTIVE_ARCH = YES;
				SDKROOT = iphoneos;
				SWIFT_ACTIVE_COMPILATION_CONDITIONS = DEBUG;
				SWIFT_OPTIMIZATION_LEVEL = "-Onone";
			};
			name = Debug;
		};
		FBCC18971DB7FDD9004FC179 /* Release */ = {
			isa = XCBuildConfiguration;
			buildSettings = {
				ALWAYS_SEARCH_USER_PATHS = NO;
				CLANG_ANALYZER_NONNULL = YES;
				CLANG_CXX_LANGUAGE_STANDARD = "gnu++0x";
				CLANG_CXX_LIBRARY = "libc++";
				CLANG_ENABLE_MODULES = YES;
				CLANG_ENABLE_OBJC_ARC = YES;
				CLANG_WARN_BOOL_CONVERSION = YES;
				CLANG_WARN_CONSTANT_CONVERSION = YES;
				CLANG_WARN_DIRECT_OBJC_ISA_USAGE = YES_ERROR;
				CLANG_WARN_DOCUMENTATION_COMMENTS = YES;
				CLANG_WARN_EMPTY_BODY = YES;
				CLANG_WARN_ENUM_CONVERSION = YES;
				CLANG_WARN_INFINITE_RECURSION = YES;
				CLANG_WARN_INT_CONVERSION = YES;
				CLANG_WARN_OBJC_ROOT_CLASS = YES_ERROR;
				CLANG_WARN_SUSPICIOUS_MOVES = YES;
				CLANG_WARN_UNREACHABLE_CODE = YES;
				CLANG_WARN__DUPLICATE_METHOD_MATCH = YES;
				"CODE_SIGN_IDENTITY[sdk=iphoneos*]" = "iPhone Developer";
				COPY_PHASE_STRIP = NO;
				DEBUG_INFORMATION_FORMAT = "dwarf-with-dsym";
				ENABLE_NS_ASSERTIONS = NO;
				ENABLE_STRICT_OBJC_MSGSEND = YES;
				GCC_C_LANGUAGE_STANDARD = gnu99;
				GCC_NO_COMMON_BLOCKS = YES;
				GCC_WARN_64_TO_32_BIT_CONVERSION = YES;
				GCC_WARN_ABOUT_RETURN_TYPE = YES_ERROR;
				GCC_WARN_UNDECLARED_SELECTOR = YES;
				GCC_WARN_UNINITIALIZED_AUTOS = YES_AGGRESSIVE;
				GCC_WARN_UNUSED_FUNCTION = YES;
				GCC_WARN_UNUSED_VARIABLE = YES;
				IPHONEOS_DEPLOYMENT_TARGET = 10.0;
				MTL_ENABLE_DEBUG_INFO = NO;
				SDKROOT = iphoneos;
				SWIFT_OPTIMIZATION_LEVEL = "-Owholemodule";
				VALIDATE_PRODUCT = YES;
			};
			name = Release;
		};
		FBCC18991DB7FDD9004FC179 /* Debug */ = {
			isa = XCBuildConfiguration;
			baseConfigurationReference = 739AE64855F8A8BFDF8BA0AC /* Pods-JohoFeed.debug.xcconfig */;
			buildSettings = {
				ASSETCATALOG_COMPILER_APPICON_NAME = AppIcon;
				CLANG_ENABLE_MODULES = YES;
				FRAMEWORK_SEARCH_PATHS = (
					"$(inherited)",
					"$(PROJECT_DIR)/build/Debug-iphoneos/KeychainSwift",
				);
				INFOPLIST_FILE = JohoFeed/Info.plist;
				LD_RUNPATH_SEARCH_PATHS = "$(inherited) @executable_path/Frameworks";
				LINK_WITH_STANDARD_LIBRARIES = YES;
				ONLY_ACTIVE_ARCH = YES;
				OTHER_LDFLAGS = "$(inherited)";
				PRODUCT_BUNDLE_IDENTIFIER = evanjrz.JohoFeed;
				PRODUCT_NAME = "$(TARGET_NAME)";
				SWIFT_INCLUDE_PATHS = "$(SRCROOT)/../.build/debug";
				SWIFT_OBJC_BRIDGING_HEADER = "JohoFeed/JohoFeed-Bridging-Header.h";
				SWIFT_OPTIMIZATION_LEVEL = "-Onone";
				SWIFT_VERSION = 3.0;
			};
			name = Debug;
		};
		FBCC189A1DB7FDD9004FC179 /* Release */ = {
			isa = XCBuildConfiguration;
			baseConfigurationReference = 203D45DA4DD8855B87B75437 /* Pods-JohoFeed.release.xcconfig */;
			buildSettings = {
				ASSETCATALOG_COMPILER_APPICON_NAME = AppIcon;
				CLANG_ENABLE_MODULES = YES;
				FRAMEWORK_SEARCH_PATHS = (
					"$(inherited)",
					"$(PROJECT_DIR)/build/Debug-iphoneos/KeychainSwift",
				);
				INFOPLIST_FILE = JohoFeed/Info.plist;
				LD_RUNPATH_SEARCH_PATHS = "$(inherited) @executable_path/Frameworks";
				LINK_WITH_STANDARD_LIBRARIES = YES;
				ONLY_ACTIVE_ARCH = NO;
				OTHER_LDFLAGS = "$(inherited)";
				PRODUCT_BUNDLE_IDENTIFIER = evanjrz.JohoFeed;
				PRODUCT_NAME = "$(TARGET_NAME)";
				SWIFT_INCLUDE_PATHS = "$(SRCROOT)/../.build/debug";
				SWIFT_OBJC_BRIDGING_HEADER = "JohoFeed/JohoFeed-Bridging-Header.h";
				SWIFT_VERSION = 3.0;
			};
			name = Release;
		};
/* End XCBuildConfiguration section */

/* Begin XCConfigurationList section */
		FBCC18811DB7FDD9004FC179 /* Build configuration list for PBXProject "JohoFeed" */ = {
			isa = XCConfigurationList;
			buildConfigurations = (
				FBCC18961DB7FDD9004FC179 /* Debug */,
				FBCC18971DB7FDD9004FC179 /* Release */,
			);
			defaultConfigurationIsVisible = 0;
			defaultConfigurationName = Release;
		};
		FBCC18981DB7FDD9004FC179 /* Build configuration list for PBXNativeTarget "JohoFeed" */ = {
			isa = XCConfigurationList;
			buildConfigurations = (
				FBCC18991DB7FDD9004FC179 /* Debug */,
				FBCC189A1DB7FDD9004FC179 /* Release */,
			);
			defaultConfigurationIsVisible = 0;
			defaultConfigurationName = Release;
		};
/* End XCConfigurationList section */
	};
	rootObject = FBCC187E1DB7FDD9004FC179 /* Project object */;
}
