// !$*UTF8*$!
{
	archiveVersion = 1;
	classes = {
	};
	objectVersion = 46;
	objects = {

/* Begin PBXBuildFile section */
		FBCC188A1DB7FDD9004FC179 /* AppDelegate.swift in Sources */ = {isa = PBXBuildFile; fileRef = FBCC18891DB7FDD9004FC179 /* AppDelegate.swift */; };
		FBCC188F1DB7FDD9004FC179 /* Main.storyboard in Resources */ = {isa = PBXBuildFile; fileRef = FBCC188D1DB7FDD9004FC179 /* Main.storyboard */; };
		FBCC18911DB7FDD9004FC179 /* Assets.xcassets in Resources */ = {isa = PBXBuildFile; fileRef = FBCC18901DB7FDD9004FC179 /* Assets.xcassets */; };
		FBCC18941DB7FDD9004FC179 /* LaunchScreen.storyboard in Resources */ = {isa = PBXBuildFile; fileRef = FBCC18921DB7FDD9004FC179 /* LaunchScreen.storyboard */; };
		FBCC189C1DB80548004FC179 /* FeedTableViewController.swift in Sources */ = {isa = PBXBuildFile; fileRef = FBCC189B1DB80548004FC179 /* FeedTableViewController.swift */; };
		FBCC18A21DB80653004FC179 /* Helper in Resources */ = {isa = PBXBuildFile; fileRef = FBCC18A11DB80653004FC179 /* Helper */; };
/* End PBXBuildFile section */

/* Begin PBXFileReference section */
		FBCC18861DB7FDD9004FC179 /* JohoFeed.app */ = {isa = PBXFileReference; explicitFileType = wrapper.application; includeInIndex = 0; path = JohoFeed.app; sourceTree = BUILT_PRODUCTS_DIR; };
		FBCC18891DB7FDD9004FC179 /* AppDelegate.swift */ = {isa = PBXFileReference; lastKnownFileType = sourcecode.swift; path = AppDelegate.swift; sourceTree = "<group>"; };
		FBCC188E1DB7FDD9004FC179 /* Base */ = {isa = PBXFileReference; lastKnownFileType = file.storyboard; name = Base; path = Base.lproj/Main.storyboard; sourceTree = "<group>"; };
		FBCC18901DB7FDD9004FC179 /* Assets.xcassets */ = {isa = PBXFileReference; lastKnownFileType = folder.assetcatalog; path = Assets.xcassets; sourceTree = "<group>"; };
		FBCC18931DB7FDD9004FC179 /* Base */ = {isa = PBXFileReference; lastKnownFileType = file.storyboard; name = Base; path = Base.lproj/LaunchScreen.storyboard; sourceTree = "<group>"; };
		FBCC18951DB7FDD9004FC179 /* Info.plist */ = {isa = PBXFileReference; lastKnownFileType = text.plist.xml; path = Info.plist; sourceTree = "<group>"; };
		FBCC189B1DB80548004FC179 /* FeedTableViewController.swift */ = {isa = PBXFileReference; fileEncoding = 4; lastKnownFileType = sourcecode.swift; path = FeedTableViewController.swift; sourceTree = "<group>"; };
		FBCC189D1DB805EC004FC179 /* JohoFeed-Bridging-Header.h */ = {isa = PBXFileReference; lastKnownFileType = sourcecode.c.h; path = "JohoFeed-Bridging-Header.h"; sourceTree = "<group>"; };
		FBCC18A11DB80653004FC179 /* Helper */ = {isa = PBXFileReference; lastKnownFileType = folder; path = Helper; sourceTree = "<group>"; };
/* End PBXFileReference section */

/* Begin PBXFrameworksBuildPhase section */
		FBCC18831DB7FDD9004FC179 /* Frameworks */ = {
			isa = PBXFrameworksBuildPhase;
			buildActionMask = 2147483647;
			files = (
			);
			runOnlyForDeploymentPostprocessing = 0;
		};
/* End PBXFrameworksBuildPhase section */

/* Begin PBXGroup section */
		FBCC187D1DB7FDD9004FC179 = {
			isa = PBXGroup;
			children = (
				FBCC18881DB7FDD9004FC179 /* JohoFeed */,
				FBCC18871DB7FDD9004FC179 /* Products */,
			);
			sourceTree = "<group>";
		};
		FBCC18871DB7FDD9004FC179 /* Products */ = {
			isa = PBXGroup;
			children = (
				FBCC18861DB7FDD9004FC179 /* JohoFeed.app */,
			);
			name = Products;
			sourceTree = "<group>";
		};
		FBCC18881DB7FDD9004FC179 /* JohoFeed */ = {
			isa = PBXGroup;
			children = (
				FBCC18A11DB80653004FC179 /* Helper */,
				FBCC18891DB7FDD9004FC179 /* AppDelegate.swift */,
				FBCC188D1DB7FDD9004FC179 /* Main.storyboard */,
				FBCC18901DB7FDD9004FC179 /* Assets.xcassets */,
				FBCC18921DB7FDD9004FC179 /* LaunchScreen.storyboard */,
				FBCC18951DB7FDD9004FC179 /* Info.plist */,
				FBCC189B1DB80548004FC179 /* FeedTableViewController.swift */,
				FBCC189D1DB805EC004FC179 /* JohoFeed-Bridging-Header.h */,
			);
			path = JohoFeed;
			sourceTree = "<group>";
		};
/* End PBXGroup section */

/* Begin PBXNativeTarget section */
		FBCC18851DB7FDD9004FC179 /* JohoFeed */ = {
			isa = PBXNativeTarget;
			buildConfigurationList = FBCC18981DB7FDD9004FC179 /* Build configuration list for PBXNativeTarget "JohoFeed" */;
			buildPhases = (
				FBCC18821DB7FDD9004FC179 /* Sources */,
				FBCC18831DB7FDD9004FC179 /* Frameworks */,
				FBCC18841DB7FDD9004FC179 /* Resources */,
			);
			buildRules = (
			);
			dependencies = (
			);
			name = JohoFeed;
			productName = JohoFeed;
			productReference = FBCC18861DB7FDD9004FC179 /* JohoFeed.app */;
			productType = "com.apple.product-type.application";
		};
/* End PBXNativeTarget section */

/* Begin PBXProject section */
		FBCC187E1DB7FDD9004FC179 /* Project object */ = {
			isa = PBXProject;
			attributes = {
				LastSwiftUpdateCheck = 0800;
				LastUpgradeCheck = 0800;
				ORGANIZATIONNAME = "Evan Juárez";
				TargetAttributes = {
					FBCC18851DB7FDD9004FC179 = {
						CreatedOnToolsVersion = 8.0;
						LastSwiftMigration = 0800;
						ProvisioningStyle = Automatic;
					};
				};
			};
			buildConfigurationList = FBCC18811DB7FDD9004FC179 /* Build configuration list for PBXProject "JohoFeed" */;
			compatibilityVersion = "Xcode 3.2";
			developmentRegion = English;
			hasScannedForEncodings = 0;
			knownRegions = (
				en,
				Base,
			);
			mainGroup = FBCC187D1DB7FDD9004FC179;
			productRefGroup = FBCC18871DB7FDD9004FC179 /* Products */;
			projectDirPath = "";
			projectRoot = "";
			targets = (
				FBCC18851DB7FDD9004FC179 /* JohoFeed */,
			);
		};
/* End PBXProject section */

/* Begin PBXResourcesBuildPhase section */
		FBCC18841DB7FDD9004FC179 /* Resources */ = {
			isa = PBXResourcesBuildPhase;
			buildActionMask = 2147483647;
			files = (
				FBCC18941DB7FDD9004FC179 /* LaunchScreen.storyboard in Resources */,
				FBCC18911DB7FDD9004FC179 /* Assets.xcassets in Resources */,
				FBCC18A21DB80653004FC179 /* Helper in Resources */,
				FBCC188F1DB7FDD9004FC179 /* Main.storyboard in Resources */,
			);
			runOnlyForDeploymentPostprocessing = 0;
		};
/* End PBXResourcesBuildPhase section */

/* Begin PBXSourcesBuildPhase section */
		FBCC18821DB7FDD9004FC179 /* Sources */ = {
			isa = PBXSourcesBuildPhase;
			buildActionMask = 2147483647;
			files = (
				FBCC188A1DB7FDD9004FC179 /* AppDelegate.swift in Sources */,
				FBCC189C1DB80548004FC179 /* FeedTableViewController.swift in Sources */,
			);
			runOnlyForDeploymentPostprocessing = 0;
		};
/* End PBXSourcesBuildPhase section */

/* Begin PBXVariantGroup section */
		FBCC188D1DB7FDD9004FC179 /* Main.storyboard */ = {
			isa = PBXVariantGroup;
			children = (
				FBCC188E1DB7FDD9004FC179 /* Base */,
			);
			name = Main.storyboard;
			sourceTree = "<group>";
		};
		FBCC18921DB7FDD9004FC179 /* LaunchScreen.storyboard */ = {
			isa = PBXVariantGroup;
			children = (
				FBCC18931DB7FDD9004FC179 /* Base */,
			);
			name = LaunchScreen.storyboard;
			sourceTree = "<group>";
		};
/* End PBXVariantGroup section */

/* Begin XCBuildConfiguration section */
		FBCC18961DB7FDD9004FC179 /* Debug */ = {
			isa = XCBuildConfiguration;
			buildSettings = {
				ALWAYS_SEARCH_USER_PATHS = NO;
				CLANG_ANALYZER_NONNULL = YES;
				CLANG_CXX_LANGUAGE_STANDARD = "gnu++0x";
				CLANG_CXX_LIBRARY = "libc++";
				CLANG_ENABLE_MODULES = YES;
				CLANG_ENABLE_OBJC_ARC = YES;
				CLANG_WARN_BOOL_CONVERSION = YES;
				CLANG_WARN_CONSTANT_CONVERSION = YES;
				CLANG_WARN_DIRECT_OBJC_ISA_USAGE = YES_ERROR;
				CLANG_WARN_DOCUMENTATION_COMMENTS = YES;
				CLANG_WARN_EMPTY_BODY = YES;
				CLANG_WARN_ENUM_CONVERSION = YES;
				CLANG_WARN_INFINITE_RECURSION = YES;
				CLANG_WARN_INT_CONVERSION = YES;
				CLANG_WARN_OBJC_ROOT_CLASS = YES_ERROR;
				CLANG_WARN_SUSPICIOUS_MOVES = YES;
				CLANG_WARN_UNREACHABLE_CODE = YES;
				CLANG_WARN__DUPLICATE_METHOD_MATCH = YES;
				"CODE_SIGN_IDENTITY[sdk=iphoneos*]" = "iPhone Developer";
				COPY_PHASE_STRIP = NO;
				DEBUG_INFORMATION_FORMAT = dwarf;
				ENABLE_STRICT_OBJC_MSGSEND = YES;
				ENABLE_TESTABILITY = YES;
				GCC_C_LANGUAGE_STANDARD = gnu99;
				GCC_DYNAMIC_NO_PIC = NO;
				GCC_NO_COMMON_BLOCKS = YES;
				GCC_OPTIMIZATION_LEVEL = 0;
				GCC_PREPROCESSOR_DEFINITIONS = (
					"DEBUG=1",
					"$(inherited)",
				);
				GCC_WARN_64_TO_32_BIT_CONVERSION = YES;
				GCC_WARN_ABOUT_RETURN_TYPE = YES_ERROR;
				GCC_WARN_UNDECLARED_SELECTOR = YES;
				GCC_WARN_UNINITIALIZED_AUTOS = YES_AGGRESSIVE;
				GCC_WARN_UNUSED_FUNCTION = YES;
				GCC_WARN_UNUSED_VARIABLE = YES;
				IPHONEOS_DEPLOYMENT_TARGET = 10.0;
				MTL_ENABLE_DEBUG_INFO = YES;
				ONLY_ACTIVE_ARCH = YES;
				SDKROOT = iphoneos;
				SWIFT_ACTIVE_COMPILATION_CONDITIONS = DEBUG;
				SWIFT_OPTIMIZATION_LEVEL = "-Onone";
			};
			name = Debug;
		};
		FBCC18971DB7FDD9004FC179 /* Release */ = {
			isa = XCBuildConfiguration;
			buildSettings = {
				ALWAYS_SEARCH_USER_PATHS = NO;
				CLANG_ANALYZER_NONNULL = YES;
				CLANG_CXX_LANGUAGE_STANDARD = "gnu++0x";
				CLANG_CXX_LIBRARY = "libc++";
				CLANG_ENABLE_MODULES = YES;
				CLANG_ENABLE_OBJC_ARC = YES;
				CLANG_WARN_BOOL_CONVERSION = YES;
				CLANG_WARN_CONSTANT_CONVERSION = YES;
				CLANG_WARN_DIRECT_OBJC_ISA_USAGE = YES_ERROR;
				CLANG_WARN_DOCUMENTATION_COMMENTS = YES;
				CLANG_WARN_EMPTY_BODY = YES;
				CLANG_WARN_ENUM_CONVERSION = YES;
				CLANG_WARN_INFINITE_RECURSION = YES;
				CLANG_WARN_INT_CONVERSION = YES;
				CLANG_WARN_OBJC_ROOT_CLASS = YES_ERROR;
				CLANG_WARN_SUSPICIOUS_MOVES = YES;
				CLANG_WARN_UNREACHABLE_CODE = YES;
				CLANG_WARN__DUPLICATE_METHOD_MATCH = YES;
				"CODE_SIGN_IDENTITY[sdk=iphoneos*]" = "iPhone Developer";
				COPY_PHASE_STRIP = NO;
				DEBUG_INFORMATION_FORMAT = "dwarf-with-dsym";
				ENABLE_NS_ASSERTIONS = NO;
				ENABLE_STRICT_OBJC_MSGSEND = YES;
				GCC_C_LANGUAGE_STANDARD = gnu99;
				GCC_NO_COMMON_BLOCKS = YES;
				GCC_WARN_64_TO_32_BIT_CONVERSION = YES;
				GCC_WARN_ABOUT_RETURN_TYPE = YES_ERROR;
				GCC_WARN_UNDECLARED_SELECTOR = YES;
				GCC_WARN_UNINITIALIZED_AUTOS = YES_AGGRESSIVE;
				GCC_WARN_UNUSED_FUNCTION = YES;
				GCC_WARN_UNUSED_VARIABLE = YES;
				IPHONEOS_DEPLOYMENT_TARGET = 10.0;
				MTL_ENABLE_DEBUG_INFO = NO;
				SDKROOT = iphoneos;
				SWIFT_OPTIMIZATION_LEVEL = "-Owholemodule";
				VALIDATE_PRODUCT = YES;
			};
			name = Release;
		};
		FBCC18991DB7FDD9004FC179 /* Debug */ = {
			isa = XCBuildConfiguration;
			buildSettings = {
				ASSETCATALOG_COMPILER_APPICON_NAME = AppIcon;
				CLANG_ENABLE_MODULES = YES;
				INFOPLIST_FILE = JohoFeed/Info.plist;
				LD_RUNPATH_SEARCH_PATHS = "$(inherited) @executable_path/Frameworks";
				PRODUCT_BUNDLE_IDENTIFIER = evanjrz.JohoFeed;
				PRODUCT_NAME = "$(TARGET_NAME)";
				SWIFT_OBJC_BRIDGING_HEADER = "JohoFeed/JohoFeed-Bridging-Header.h";
				SWIFT_OPTIMIZATION_LEVEL = "-Onone";
				SWIFT_VERSION = 3.0;
			};
			name = Debug;
		};
		FBCC189A1DB7FDD9004FC179 /* Release */ = {
			isa = XCBuildConfiguration;
			buildSettings = {
				ASSETCATALOG_COMPILER_APPICON_NAME = AppIcon;
				CLANG_ENABLE_MODULES = YES;
				INFOPLIST_FILE = JohoFeed/Info.plist;
				LD_RUNPATH_SEARCH_PATHS = "$(inherited) @executable_path/Frameworks";
				PRODUCT_BUNDLE_IDENTIFIER = evanjrz.JohoFeed;
				PRODUCT_NAME = "$(TARGET_NAME)";
				SWIFT_OBJC_BRIDGING_HEADER = "JohoFeed/JohoFeed-Bridging-Header.h";
				SWIFT_VERSION = 3.0;
			};
			name = Release;
		};
/* End XCBuildConfiguration section */

/* Begin XCConfigurationList section */
		FBCC18811DB7FDD9004FC179 /* Build configuration list for PBXProject "JohoFeed" */ = {
			isa = XCConfigurationList;
			buildConfigurations = (
				FBCC18961DB7FDD9004FC179 /* Debug */,
				FBCC18971DB7FDD9004FC179 /* Release */,
			);
			defaultConfigurationIsVisible = 0;
			defaultConfigurationName = Release;
		};
		FBCC18981DB7FDD9004FC179 /* Build configuration list for PBXNativeTarget "JohoFeed" */ = {
			isa = XCConfigurationList;
			buildConfigurations = (
				FBCC18991DB7FDD9004FC179 /* Debug */,
				FBCC189A1DB7FDD9004FC179 /* Release */,
			);
			defaultConfigurationIsVisible = 0;
		};
/* End XCConfigurationList section */
	};
	rootObject = FBCC187E1DB7FDD9004FC179 /* Project object */;
}
